# This file is autogenerated, do not edit; changes may be undone by the next 'dep ensure'.


[[projects]]
  branch = "master"
  name = "github.com/eawsy/aws-lambda-go-core"
  packages = ["service/lambda/runtime"]
  revision = "e26eed6aa244a3d45aa693816a9c5faf39390fcd"

[[projects]]
  branch = "master"
  name = "github.com/eawsy/aws-lambda-go-event"
  packages = ["service/lambda/runtime/event/apigatewayproxyevt"]
  revision = "a318481f661f091bafea408f9967cb1ac5bf8905"

[solve-meta]
  analyzer-name = "dep"
  analyzer-version = 1
  inputs-digest = "b77771a89f8009ff84d254bac12dfe0e2393b397e69cc9cd716e299c6faa6d7d"
  solver-name = "gps-cdcl"
  solver-version = 1
